
Microsoft Visual Studio Solution File, Format Version 12.00
# Visual Studio Version 17
VisualStudioVersion = 17.9.34728.123
MinimumVisualStudioVersion = 10.0.40219.1
Project("{FAE04EC0-301F-11D3-BF4B-00C04F79EFBC}") = "Rooms", "Rooms\Rooms.csproj", "{D4EA4FF5-08D0-44B1-A386-72D40DDB4353}"
EndProject
Global
	GlobalSection(SolutionConfigurationPlatforms) = preSolution
		Debug|Any CPU = Debug|Any CPU
		Release|Any CPU = Release|Any CPU
	EndGlobalSection
	GlobalSection(ProjectConfigurationPlatforms) = postSolution
		{D4EA4FF5-08D0-44B1-A386-72D40DDB4353}.Debug|Any CPU.ActiveCfg = Debug|Any CPU
		{D4EA4FF5-08D0-44B1-A386-72D40DDB4353}.Debug|Any CPU.Build.0 = Debug|Any CPU
		{D4EA4FF5-08D0-44B1-A386-72D40DDB4353}.Release|Any CPU.ActiveCfg = Release|Any CPU
		{D4EA4FF5-08D0-44B1-A386-72D40DDB4353}.Release|Any CPU.Build.0 = Release|Any CPU
	EndGlobalSection
	GlobalSection(SolutionProperties) = preSolution
		HideSolutionNode = FALSE
	EndGlobalSection
	GlobalSection(ExtensibilityGlobals) = postSolution
		SolutionGuid = {8FBDC429-7351-4237-A587-04E9231D1264}
	EndGlobalSection
EndGlobal
